{
  "version": 4,
  "terraform_version": "1.7.2",
  "serial": 1,
  "lineage": "6eed87ab-3bc7-ff87-b106-af919e50e591",
  "outputs": {},
  "resources": [
    {
      "module": "module.azuread_application",
      "mode": "data",
      "type": "azuread_client_config",
      "name": "current",
      "provider": "provider[\"registry.terraform.io/hashicorp/azuread\"]",
      "instances": [
        {
          "schema_version": 0,
          "attributes": {
            "client_id": "04b07795-8ddb-461a-bbee-02f9e1bf7b46",
            "id": "54ba6692-0195-4329-9a5d-08a427817083-04b07795-8ddb-461a-bbee-02f9e1bf7b46-7e4234b2-d7d5-402c-8f83-f4608c5f8d64",
            "object_id": "7e4234b2-d7d5-402c-8f83-f4608c5f8d64",
            "tenant_id": "54ba6692-0195-4329-9a5d-08a427817083",
            "timeouts": null
          },
          "sensitive_attributes": []
        }
      ]
    },
    {
      "module": "module.azuread_application",
      "mode": "managed",
      "type": "azuread_application",
      "name": "example",
      "provider": "provider[\"registry.terraform.io/hashicorp/azuread\"]",
      "instances": [
        {
          "schema_version": 2,
          "attributes": {
            "api": [
              {
                "known_client_applications": null,
                "mapped_claims_enabled": true,
                "oauth2_permission_scope": [],
                "requested_access_token_version": 2
              }
            ],
            "app_role": [],
            "app_role_ids": {},
            "application_id": "3d14ca7c-6e06-4af5-a2eb-6ab722148084",
            "client_id": "3d14ca7c-6e06-4af5-a2eb-6ab722148084",
            "description": "",
            "device_only_auth_enabled": false,
            "disabled_by_microsoft": "\u003cnil\u003e",
            "display_name": "TF Test Application",
            "fallback_public_client_enabled": false,
            "feature_tags": [
              {
                "custom_single_sign_on": false,
                "enterprise": false,
                "gallery": false,
                "hide": false
              }
            ],
            "group_membership_claims": null,
            "id": "/applications/b4525fec-9dd3-48bf-8fc0-60ffd3b54888",
            "identifier_uris": null,
            "logo_image": "",
            "logo_url": "",
            "marketing_url": "",
            "notes": "",
            "oauth2_permission_scope_ids": {},
            "oauth2_post_response_required": false,
            "object_id": "b4525fec-9dd3-48bf-8fc0-60ffd3b54888",
            "optional_claims": [
              {
                "access_token": [],
                "id_token": [
                  {
                    "additional_properties": [],
                    "essential": false,
                    "name": "upn",
                    "source": ""
                  },
                  {
                    "additional_properties": [],
                    "essential": false,
                    "name": "email",
                    "source": ""
                  }
                ],
                "saml2_token": []
              }
            ],
            "owners": ["7e4234b2-d7d5-402c-8f83-f4608c5f8d64"],
            "prevent_duplicate_names": false,
            "privacy_statement_url": "",
            "public_client": [
              {
                "redirect_uris": []
              }
            ],
            "publisher_domain": "logixhealth.com",
            "required_resource_access": [
              {
                "resource_access": [
                  {
                    "id": "14dad69e-099b-42c9-810b-d002981feec1",
                    "type": "Scope"
                  },
                  {
                    "id": "64a6cdd6-aab1-4aaf-94b8-3cc8405e90d0",
                    "type": "Scope"
                  },
                  {
                    "id": "e1fe6dd8-ba31-4d61-89e7-88639da4683d",
                    "type": "Scope"
                  }
                ],
                "resource_app_id": "00000003-0000-0000-c000-000000000000"
              }
            ],
            "service_management_reference": "",
            "sign_in_audience": "AzureADMyOrg",
            "single_page_application": [
              {
                "redirect_uris": []
              }
            ],
            "support_url": "",
            "tags": [],
            "template_id": "",
            "terms_of_service_url": "",
            "timeouts": null,
            "web": [
              {
                "homepage_url": "https://localhost",
                "implicit_grant": [
                  {
                    "access_token_issuance_enabled": false,
                    "id_token_issuance_enabled": true
                  }
                ],
                "logout_url": "https://localhost/logout",
                "redirect_uris": ["https://localhost/callback"]
              }
            ]
          },
          "sensitive_attributes": [],
          "private": "eyJlMmJmYjczMC1lY2FhLTExZTYtOGY4OC0zNDM2M2JjN2M0YzAiOnsiY3JlYXRlIjo2MDAwMDAwMDAwMDAsImRlbGV0ZSI6MzAwMDAwMDAwMDAwLCJyZWFkIjozMDAwMDAwMDAwMDAsInVwZGF0ZSI6NjAwMDAwMDAwMDAwfSwic2NoZW1hX3ZlcnNpb24iOiIyIn0=",
          "dependencies": [
            "module.azuread_application.data.azuread_client_config.current"
          ]
        }
      ]
    }
  ],
  "check_results": null
}
